
Microsoft Visual Studio Solution File, Format Version 12.00
# Visual Studio Version 17
VisualStudioVersion = 17.8.34511.84
MinimumVisualStudioVersion = 10.0.40219.1
Project("{FAE04EC0-301F-11D3-BF4B-00C04F79EFBC}") = "WebApplication11", "WebApplication11\WebApplication11.csproj", "{0CF3FDE0-E413-4165-BEAC-22618BDE117F}"
EndProject
Project("{2150E333-8FDC-42A3-9474-1A3956D46DE8}") = "Элементы решения", "Элементы решения", "{448BF673-40F9-45C2-9DEA-B6B528A56E6E}"
EndProject
Global
	GlobalSection(SolutionConfigurationPlatforms) = preSolution
		Debug|Any CPU = Debug|Any CPU
		Release|Any CPU = Release|Any CPU
	EndGlobalSection
	GlobalSection(ProjectConfigurationPlatforms) = postSolution
		{0CF3FDE0-E413-4165-BEAC-22618BDE117F}.Debug|Any CPU.ActiveCfg = Debug|Any CPU
		{0CF3FDE0-E413-4165-BEAC-22618BDE117F}.Debug|Any CPU.Build.0 = Debug|Any CPU
		{0CF3FDE0-E413-4165-BEAC-22618BDE117F}.Release|Any CPU.ActiveCfg = Release|Any CPU
		{0CF3FDE0-E413-4165-BEAC-22618BDE117F}.Release|Any CPU.Build.0 = Release|Any CPU
	EndGlobalSection
	GlobalSection(SolutionProperties) = preSolution
		HideSolutionNode = FALSE
	EndGlobalSection
	GlobalSection(ExtensibilityGlobals) = postSolution
		SolutionGuid = {4D38449C-35A7-4574-824D-AFB0AA443B75}
	EndGlobalSection
EndGlobal
